// !$*UTF8*$!
{
	archiveVersion = 1;
	classes = {
	};
	objectVersion = 51;
	objects = {

/* Begin PBXBuildFile section */
		1118AC1EF56A37C39D24CE1A /* Pods_Flix_FlixUITests.framework in Frameworks */ = {isa = PBXBuildFile; fileRef = 4FF6B2ECAE05F40252CF1BC2 /* Pods_Flix_FlixUITests.framework */; };
		4CE97D9A7699A6C54F58790C /* Pods_FlixTests.framework in Frameworks */ = {isa = PBXBuildFile; fileRef = 54144627FECA1539017CCDD8 /* Pods_FlixTests.framework */; };
		637ED4BB25E148930042F1D0 /* AppDelegate.swift in Sources */ = {isa = PBXBuildFile; fileRef = 637ED4BA25E148930042F1D0 /* AppDelegate.swift */; };
		637ED4BD25E148930042F1D0 /* SceneDelegate.swift in Sources */ = {isa = PBXBuildFile; fileRef = 637ED4BC25E148930042F1D0 /* SceneDelegate.swift */; };
		637ED4C225E148930042F1D0 /* Main.storyboard in Resources */ = {isa = PBXBuildFile; fileRef = 637ED4C025E148930042F1D0 /* Main.storyboard */; };
		637ED4C425E148980042F1D0 /* Assets.xcassets in Resources */ = {isa = PBXBuildFile; fileRef = 637ED4C325E148980042F1D0 /* Assets.xcassets */; };
		637ED4C725E148980042F1D0 /* LaunchScreen.storyboard in Resources */ = {isa = PBXBuildFile; fileRef = 637ED4C525E148980042F1D0 /* LaunchScreen.storyboard */; };
		637ED4D225E148980042F1D0 /* FlixTests.swift in Sources */ = {isa = PBXBuildFile; fileRef = 637ED4D125E148980042F1D0 /* FlixTests.swift */; };
		637ED4DD25E148990042F1D0 /* FlixUITests.swift in Sources */ = {isa = PBXBuildFile; fileRef = 637ED4DC25E148990042F1D0 /* FlixUITests.swift */; };
		637ED4EE25E14A390042F1D0 /* MoviesViewController.swift in Sources */ = {isa = PBXBuildFile; fileRef = 637ED4ED25E14A390042F1D0 /* MoviesViewController.swift */; };
		637ED4F325E18E650042F1D0 /* MovieCell.swift in Sources */ = {isa = PBXBuildFile; fileRef = 637ED4F225E18E640042F1D0 /* MovieCell.swift */; };
		63B21D6625EAC28300EE03E0 /* MovieDetailsViewController.swift in Sources */ = {isa = PBXBuildFile; fileRef = 63B21D6525EAC28300EE03E0 /* MovieDetailsViewController.swift */; };
		63B21D6B25EADCF800EE03E0 /* MovieGridViewController.swift in Sources */ = {isa = PBXBuildFile; fileRef = 63B21D6A25EADCF800EE03E0 /* MovieGridViewController.swift */; };
		63B21D7025EAE84000EE03E0 /* MovieGridCell.swift in Sources */ = {isa = PBXBuildFile; fileRef = 63B21D6F25EAE84000EE03E0 /* MovieGridCell.swift */; };
		C32C44A0C15064DA0E8AE867 /* Pods_Flix.framework in Frameworks */ = {isa = PBXBuildFile; fileRef = A939CAF956F0B1E4B1342E5E /* Pods_Flix.framework */; };
/* End PBXBuildFile section */

/* Begin PBXContainerItemProxy section */
		637ED4CE25E148980042F1D0 /* PBXContainerItemProxy */ = {
			isa = PBXContainerItemProxy;
			containerPortal = 637ED4AF25E148930042F1D0 /* Project object */;
			proxyType = 1;
			remoteGlobalIDString = 637ED4B625E148930042F1D0;
			remoteInfo = Flix;
		};
		637ED4D925E148990042F1D0 /* PBXContainerItemProxy */ = {
			isa = PBXContainerItemProxy;
			containerPortal = 637ED4AF25E148930042F1D0 /* Project object */;
			proxyType = 1;
			remoteGlobalIDString = 637ED4B625E148930042F1D0;
			remoteInfo = Flix;
		};
/* End PBXContainerItemProxy section */

/* Begin PBXFileReference section */
		3468E736E32E545AC740D7D1 /* Pods-FlixTests.debug.xcconfig */ = {isa = PBXFileReference; includeInIndex = 1; lastKnownFileType = text.xcconfig; name = "Pods-FlixTests.debug.xcconfig"; path = "Target Support Files/Pods-FlixTests/Pods-FlixTests.debug.xcconfig"; sourceTree = "<group>"; };
		351F5FB67632B578593767D4 /* Pods-FlixTests.release.xcconfig */ = {isa = PBXFileReference; includeInIndex = 1; lastKnownFileType = text.xcconfig; name = "Pods-FlixTests.release.xcconfig"; path = "Target Support Files/Pods-FlixTests/Pods-FlixTests.release.xcconfig"; sourceTree = "<group>"; };
		4FF6B2ECAE05F40252CF1BC2 /* Pods_Flix_FlixUITests.framework */ = {isa = PBXFileReference; explicitFileType = wrapper.framework; includeInIndex = 0; path = Pods_Flix_FlixUITests.framework; sourceTree = BUILT_PRODUCTS_DIR; };
		501BDBA91217D629B5F174AA /* Pods-Flix-FlixUITests.release.xcconfig */ = {isa = PBXFileReference; includeInIndex = 1; lastKnownFileType = text.xcconfig; name = "Pods-Flix-FlixUITests.release.xcconfig"; path = "Target Support Files/Pods-Flix-FlixUITests/Pods-Flix-FlixUITests.release.xcconfig"; sourceTree = "<group>"; };
		54144627FECA1539017CCDD8 /* Pods_FlixTests.framework */ = {isa = PBXFileReference; explicitFileType = wrapper.framework; includeInIndex = 0; path = Pods_FlixTests.framework; sourceTree = BUILT_PRODUCTS_DIR; };
		637ED4B725E148930042F1D0 /* Flix.app */ = {isa = PBXFileReference; explicitFileType = wrapper.application; includeInIndex = 0; path = Flix.app; sourceTree = BUILT_PRODUCTS_DIR; };
		637ED4BA25E148930042F1D0 /* AppDelegate.swift */ = {isa = PBXFileReference; lastKnownFileType = sourcecode.swift; path = AppDelegate.swift; sourceTree = "<group>"; };
		637ED4BC25E148930042F1D0 /* SceneDelegate.swift */ = {isa = PBXFileReference; lastKnownFileType = sourcecode.swift; path = SceneDelegate.swift; sourceTree = "<group>"; };
		637ED4C125E148930042F1D0 /* Base */ = {isa = PBXFileReference; lastKnownFileType = file.storyboard; name = Base; path = Base.lproj/Main.storyboard; sourceTree = "<group>"; };
		637ED4C325E148980042F1D0 /* Assets.xcassets */ = {isa = PBXFileReference; lastKnownFileType = folder.assetcatalog; path = Assets.xcassets; sourceTree = "<group>"; };
		637ED4C625E148980042F1D0 /* Base */ = {isa = PBXFileReference; lastKnownFileType = file.storyboard; name = Base; path = Base.lproj/LaunchScreen.storyboard; sourceTree = "<group>"; };
		637ED4C825E148980042F1D0 /* Info.plist */ = {isa = PBXFileReference; lastKnownFileType = text.plist.xml; path = Info.plist; sourceTree = "<group>"; };
		637ED4CD25E148980042F1D0 /* FlixTests.xctest */ = {isa = PBXFileReference; explicitFileType = wrapper.cfbundle; includeInIndex = 0; path = FlixTests.xctest; sourceTree = BUILT_PRODUCTS_DIR; };
		637ED4D125E148980042F1D0 /* FlixTests.swift */ = {isa = PBXFileReference; lastKnownFileType = sourcecode.swift; path = FlixTests.swift; sourceTree = "<group>"; };
		637ED4D325E148980042F1D0 /* Info.plist */ = {isa = PBXFileReference; lastKnownFileType = text.plist.xml; path = Info.plist; sourceTree = "<group>"; };
		637ED4D825E148990042F1D0 /* FlixUITests.xctest */ = {isa = PBXFileReference; explicitFileType = wrapper.cfbundle; includeInIndex = 0; path = FlixUITests.xctest; sourceTree = BUILT_PRODUCTS_DIR; };
		637ED4DC25E148990042F1D0 /* FlixUITests.swift */ = {isa = PBXFileReference; lastKnownFileType = sourcecode.swift; path = FlixUITests.swift; sourceTree = "<group>"; };
		637ED4DE25E148990042F1D0 /* Info.plist */ = {isa = PBXFileReference; lastKnownFileType = text.plist.xml; path = Info.plist; sourceTree = "<group>"; };
		637ED4ED25E14A390042F1D0 /* MoviesViewController.swift */ = {isa = PBXFileReference; lastKnownFileType = sourcecode.swift; path = MoviesViewController.swift; sourceTree = "<group>"; };
		637ED4F225E18E640042F1D0 /* MovieCell.swift */ = {isa = PBXFileReference; lastKnownFileType = sourcecode.swift; path = MovieCell.swift; sourceTree = "<group>"; };
		63B21D6525EAC28300EE03E0 /* MovieDetailsViewController.swift */ = {isa = PBXFileReference; lastKnownFileType = sourcecode.swift; path = MovieDetailsViewController.swift; sourceTree = "<group>"; };
		63B21D6A25EADCF800EE03E0 /* MovieGridViewController.swift */ = {isa = PBXFileReference; lastKnownFileType = sourcecode.swift; path = MovieGridViewController.swift; sourceTree = "<group>"; };
		63B21D6F25EAE84000EE03E0 /* MovieGridCell.swift */ = {isa = PBXFileReference; lastKnownFileType = sourcecode.swift; path = MovieGridCell.swift; sourceTree = "<group>"; };
		A939CAF956F0B1E4B1342E5E /* Pods_Flix.framework */ = {isa = PBXFileReference; explicitFileType = wrapper.framework; includeInIndex = 0; path = Pods_Flix.framework; sourceTree = BUILT_PRODUCTS_DIR; };
		AB36974090D7957D935DD5E5 /* Pods-Flix.release.xcconfig */ = {isa = PBXFileReference; includeInIndex = 1; lastKnownFileType = text.xcconfig; name = "Pods-Flix.release.xcconfig"; path = "Target Support Files/Pods-Flix/Pods-Flix.release.xcconfig"; sourceTree = "<group>"; };
		D296E855F3A3AAB64C1B262F /* Pods-Flix.debug.xcconfig */ = {isa = PBXFileReference; includeInIndex = 1; lastKnownFileType = text.xcconfig; name = "Pods-Flix.debug.xcconfig"; path = "Target Support Files/Pods-Flix/Pods-Flix.debug.xcconfig"; sourceTree = "<group>"; };
		F49E3716AE2593476FEB0709 /* Pods-Flix-FlixUITests.debug.xcconfig */ = {isa = PBXFileReference; includeInIndex = 1; lastKnownFileType = text.xcconfig; name = "Pods-Flix-FlixUITests.debug.xcconfig"; path = "Target Support Files/Pods-Flix-FlixUITests/Pods-Flix-FlixUITests.debug.xcconfig"; sourceTree = "<group>"; };
/* End PBXFileReference section */

/* Begin PBXFrameworksBuildPhase section */
		637ED4B425E148930042F1D0 /* Frameworks */ = {
			isa = PBXFrameworksBuildPhase;
			buildActionMask = 2147483647;
			files = (
				C32C44A0C15064DA0E8AE867 /* Pods_Flix.framework in Frameworks */,
			);
			runOnlyForDeploymentPostprocessing = 0;
		};
		637ED4CA25E148980042F1D0 /* Frameworks */ = {
			isa = PBXFrameworksBuildPhase;
			buildActionMask = 2147483647;
			files = (
				4CE97D9A7699A6C54F58790C /* Pods_FlixTests.framework in Frameworks */,
			);
			runOnlyForDeploymentPostprocessing = 0;
		};
		637ED4D525E148990042F1D0 /* Frameworks */ = {
			isa = PBXFrameworksBuildPhase;
			buildActionMask = 2147483647;
			files = (
				1118AC1EF56A37C39D24CE1A /* Pods_Flix_FlixUITests.framework in Frameworks */,
			);
			runOnlyForDeploymentPostprocessing = 0;
		};
/* End PBXFrameworksBuildPhase section */

/* Begin PBXGroup section */
		310BB5CB665725A74F7367D3 /* Pods */ = {
			isa = PBXGroup;
			children = (
				D296E855F3A3AAB64C1B262F /* Pods-Flix.debug.xcconfig */,
				AB36974090D7957D935DD5E5 /* Pods-Flix.release.xcconfig */,
				F49E3716AE2593476FEB0709 /* Pods-Flix-FlixUITests.debug.xcconfig */,
				501BDBA91217D629B5F174AA /* Pods-Flix-FlixUITests.release.xcconfig */,
				3468E736E32E545AC740D7D1 /* Pods-FlixTests.debug.xcconfig */,
				351F5FB67632B578593767D4 /* Pods-FlixTests.release.xcconfig */,
			);
			path = Pods;
			sourceTree = "<group>";
		};
		637ED4AE25E148930042F1D0 = {
			isa = PBXGroup;
			children = (
				637ED4B925E148930042F1D0 /* Flix */,
				637ED4D025E148980042F1D0 /* FlixTests */,
				637ED4DB25E148990042F1D0 /* FlixUITests */,
				637ED4B825E148930042F1D0 /* Products */,
				310BB5CB665725A74F7367D3 /* Pods */,
				E0F06F7C713891A988333325 /* Frameworks */,
			);
			sourceTree = "<group>";
		};
		637ED4B825E148930042F1D0 /* Products */ = {
			isa = PBXGroup;
			children = (
				637ED4B725E148930042F1D0 /* Flix.app */,
				637ED4CD25E148980042F1D0 /* FlixTests.xctest */,
				637ED4D825E148990042F1D0 /* FlixUITests.xctest */,
			);
			name = Products;
			sourceTree = "<group>";
		};
		637ED4B925E148930042F1D0 /* Flix */ = {
			isa = PBXGroup;
			children = (
				637ED4BA25E148930042F1D0 /* AppDelegate.swift */,
				637ED4BC25E148930042F1D0 /* SceneDelegate.swift */,
				637ED4C025E148930042F1D0 /* Main.storyboard */,
				63B21D6F25EAE84000EE03E0 /* MovieGridCell.swift */,
				63B21D6A25EADCF800EE03E0 /* MovieGridViewController.swift */,
				63B21D6525EAC28300EE03E0 /* MovieDetailsViewController.swift */,
				637ED4F225E18E640042F1D0 /* MovieCell.swift */,
				637ED4C325E148980042F1D0 /* Assets.xcassets */,
				637ED4C525E148980042F1D0 /* LaunchScreen.storyboard */,
				637ED4C825E148980042F1D0 /* Info.plist */,
				637ED4ED25E14A390042F1D0 /* MoviesViewController.swift */,
			);
			path = Flix;
			sourceTree = "<group>";
		};
		637ED4D025E148980042F1D0 /* FlixTests */ = {
			isa = PBXGroup;
			children = (
				637ED4D125E148980042F1D0 /* FlixTests.swift */,
				637ED4D325E148980042F1D0 /* Info.plist */,
			);
			path = FlixTests;
			sourceTree = "<group>";
		};
		637ED4DB25E148990042F1D0 /* FlixUITests */ = {
			isa = PBXGroup;
			children = (
				637ED4DC25E148990042F1D0 /* FlixUITests.swift */,
				637ED4DE25E148990042F1D0 /* Info.plist */,
			);
			path = FlixUITests;
			sourceTree = "<group>";
		};
		E0F06F7C713891A988333325 /* Frameworks */ = {
			isa = PBXGroup;
			children = (
				A939CAF956F0B1E4B1342E5E /* Pods_Flix.framework */,
				4FF6B2ECAE05F40252CF1BC2 /* Pods_Flix_FlixUITests.framework */,
				54144627FECA1539017CCDD8 /* Pods_FlixTests.framework */,
			);
			name = Frameworks;
			sourceTree = "<group>";
		};
/* End PBXGroup section */

/* Begin PBXNativeTarget section */
		637ED4B625E148930042F1D0 /* Flix */ = {
			isa = PBXNativeTarget;
			buildConfigurationList = 637ED4E125E148990042F1D0 /* Build configuration list for PBXNativeTarget "Flix" */;
			buildPhases = (
				DDC6C7B6B2C5ECBE06FD86B6 /* [CP] Check Pods Manifest.lock */,
				637ED4B325E148930042F1D0 /* Sources */,
				637ED4B425E148930042F1D0 /* Frameworks */,
				637ED4B525E148930042F1D0 /* Resources */,
				C1985AC422A0A6F86AE96442 /* [CP] Embed Pods Frameworks */,
			);
			buildRules = (
			);
			dependencies = (
			);
			name = Flix;
			productName = Flix;
			productReference = 637ED4B725E148930042F1D0 /* Flix.app */;
			productType = "com.apple.product-type.application";
		};
		637ED4CC25E148980042F1D0 /* FlixTests */ = {
			isa = PBXNativeTarget;
			buildConfigurationList = 637ED4E425E148990042F1D0 /* Build configuration list for PBXNativeTarget "FlixTests" */;
			buildPhases = (
				62132AD67BE152C5C3CF90A2 /* [CP] Check Pods Manifest.lock */,
				637ED4C925E148980042F1D0 /* Sources */,
				637ED4CA25E148980042F1D0 /* Frameworks */,
				637ED4CB25E148980042F1D0 /* Resources */,
			);
			buildRules = (
			);
			dependencies = (
				637ED4CF25E148980042F1D0 /* PBXTargetDependency */,
			);
			name = FlixTests;
			productName = FlixTests;
			productReference = 637ED4CD25E148980042F1D0 /* FlixTests.xctest */;
			productType = "com.apple.product-type.bundle.unit-test";
		};
		637ED4D725E148990042F1D0 /* FlixUITests */ = {
			isa = PBXNativeTarget;
			buildConfigurationList = 637ED4E725E148990042F1D0 /* Build configuration list for PBXNativeTarget "FlixUITests" */;
			buildPhases = (
				4AA3F589715865B6324B1B7B /* [CP] Check Pods Manifest.lock */,
				637ED4D425E148990042F1D0 /* Sources */,
				637ED4D525E148990042F1D0 /* Frameworks */,
				637ED4D625E148990042F1D0 /* Resources */,
				53FBC8B064665747CC6CB1C0 /* [CP] Embed Pods Frameworks */,
			);
			buildRules = (
			);
			dependencies = (
				637ED4DA25E148990042F1D0 /* PBXTargetDependency */,
			);
			name = FlixUITests;
			productName = FlixUITests;
			productReference = 637ED4D825E148990042F1D0 /* FlixUITests.xctest */;
			productType = "com.apple.product-type.bundle.ui-testing";
		};
/* End PBXNativeTarget section */

/* Begin PBXProject section */
		637ED4AF25E148930042F1D0 /* Project object */ = {
			isa = PBXProject;
			attributes = {
				LastSwiftUpdateCheck = 1240;
				LastUpgradeCheck = 1240;
				TargetAttributes = {
					637ED4B625E148930042F1D0 = {
						CreatedOnToolsVersion = 12.4;
					};
					637ED4CC25E148980042F1D0 = {
						CreatedOnToolsVersion = 12.4;
						TestTargetID = 637ED4B625E148930042F1D0;
					};
					637ED4D725E148990042F1D0 = {
						CreatedOnToolsVersion = 12.4;
						TestTargetID = 637ED4B625E148930042F1D0;
					};
				};
			};
			buildConfigurationList = 637ED4B225E148930042F1D0 /* Build configuration list for PBXProject "Flix" */;
			compatibilityVersion = "Xcode 9.3";
			developmentRegion = en;
			hasScannedForEncodings = 0;
			knownRegions = (
				en,
				Base,
			);
			mainGroup = 637ED4AE25E148930042F1D0;
			productRefGroup = 637ED4B825E148930042F1D0 /* Products */;
			projectDirPath = "";
			projectRoot = "";
			targets = (
				637ED4B625E148930042F1D0 /* Flix */,
				637ED4CC25E148980042F1D0 /* FlixTests */,
				637ED4D725E148990042F1D0 /* FlixUITests */,
			);
		};
/* End PBXProject section */

/* Begin PBXResourcesBuildPhase section */
		637ED4B525E148930042F1D0 /* Resources */ = {
			isa = PBXResourcesBuildPhase;
			buildActionMask = 2147483647;
			files = (
				637ED4C725E148980042F1D0 /* LaunchScreen.storyboard in Resources */,
				637ED4C425E148980042F1D0 /* Assets.xcassets in Resources */,
				637ED4C225E148930042F1D0 /* Main.storyboard in Resources */,
			);
			runOnlyForDeploymentPostprocessing = 0;
		};
		637ED4CB25E148980042F1D0 /* Resources */ = {
			isa = PBXResourcesBuildPhase;
			buildActionMask = 2147483647;
			files = (
			);
			runOnlyForDeploymentPostprocessing = 0;
		};
		637ED4D625E148990042F1D0 /* Resources */ = {
			isa = PBXResourcesBuildPhase;
			buildActionMask = 2147483647;
			files = (
			);
			runOnlyForDeploymentPostprocessing = 0;
		};
/* End PBXResourcesBuildPhase section */

/* Begin PBXShellScriptBuildPhase section */
		4AA3F589715865B6324B1B7B /* [CP] Check Pods Manifest.lock */ = {
			isa = PBXShellScriptBuildPhase;
			buildActionMask = 2147483647;
			files = (
			);
			inputFileListPaths = (
			);
			inputPaths = (
				"${PODS_PODFILE_DIR_PATH}/Podfile.lock",
				"${PODS_ROOT}/Manifest.lock",
			);
			name = "[CP] Check Pods Manifest.lock";
			outputFileListPaths = (
			);
			outputPaths = (
				"$(DERIVED_FILE_DIR)/Pods-Flix-FlixUITests-checkManifestLockResult.txt",
			);
			runOnlyForDeploymentPostprocessing = 0;
			shellPath = /bin/sh;
			shellScript = "diff \"${PODS_PODFILE_DIR_PATH}/Podfile.lock\" \"${PODS_ROOT}/Manifest.lock\" > /dev/null\nif [ $? != 0 ] ; then\n    # print error to STDERR\n    echo \"error: The sandbox is not in sync with the Podfile.lock. Run 'pod install' or update your CocoaPods installation.\" >&2\n    exit 1\nfi\n# This output is used by Xcode 'outputs' to avoid re-running this script phase.\necho \"SUCCESS\" > \"${SCRIPT_OUTPUT_FILE_0}\"\n";
			showEnvVarsInLog = 0;
		};
		53FBC8B064665747CC6CB1C0 /* [CP] Embed Pods Frameworks */ = {
			isa = PBXShellScriptBuildPhase;
			buildActionMask = 2147483647;
			files = (
			);
			inputFileListPaths = (
				"${PODS_ROOT}/Target Support Files/Pods-Flix-FlixUITests/Pods-Flix-FlixUITests-frameworks-${CONFIGURATION}-input-files.xcfilelist",
			);
			name = "[CP] Embed Pods Frameworks";
			outputFileListPaths = (
				"${PODS_ROOT}/Target Support Files/Pods-Flix-FlixUITests/Pods-Flix-FlixUITests-frameworks-${CONFIGURATION}-output-files.xcfilelist",
			);
			runOnlyForDeploymentPostprocessing = 0;
			shellPath = /bin/sh;
			shellScript = "\"${PODS_ROOT}/Target Support Files/Pods-Flix-FlixUITests/Pods-Flix-FlixUITests-frameworks.sh\"\n";
			showEnvVarsInLog = 0;
		};
		62132AD67BE152C5C3CF90A2 /* [CP] Check Pods Manifest.lock */ = {
			isa = PBXShellScriptBuildPhase;
			buildActionMask = 2147483647;
			files = (
			);
			inputFileListPaths = (
			);
			inputPaths = (
				"${PODS_PODFILE_DIR_PATH}/Podfile.lock",
				"${PODS_ROOT}/Manifest.lock",
			);
			name = "[CP] Check Pods Manifest.lock";
			outputFileListPaths = (
			);
			outputPaths = (
				"$(DERIVED_FILE_DIR)/Pods-FlixTests-checkManifestLockResult.txt",
			);
			runOnlyForDeploymentPostprocessing = 0;
			shellPath = /bin/sh;
			shellScript = "diff \"${PODS_PODFILE_DIR_PATH}/Podfile.lock\" \"${PODS_ROOT}/Manifest.lock\" > /dev/null\nif [ $? != 0 ] ; then\n    # print error to STDERR\n    echo \"error: The sandbox is not in sync with the Podfile.lock. Run 'pod install' or update your CocoaPods installation.\" >&2\n    exit 1\nfi\n# This output is used by Xcode 'outputs' to avoid re-running this script phase.\necho \"SUCCESS\" > \"${SCRIPT_OUTPUT_FILE_0}\"\n";
			showEnvVarsInLog = 0;
		};
		C1985AC422A0A6F86AE96442 /* [CP] Embed Pods Frameworks */ = {
			isa = PBXShellScriptBuildPhase;
			buildActionMask = 2147483647;
			files = (
			);
			inputFileListPaths = (
				"${PODS_ROOT}/Target Support Files/Pods-Flix/Pods-Flix-frameworks-${CONFIGURATION}-input-files.xcfilelist",
			);
			name = "[CP] Embed Pods Frameworks";
			outputFileListPaths = (
				"${PODS_ROOT}/Target Support Files/Pods-Flix/Pods-Flix-frameworks-${CONFIGURATION}-output-files.xcfilelist",
			);
			runOnlyForDeploymentPostprocessing = 0;
			shellPath = /bin/sh;
			shellScript = "\"${PODS_ROOT}/Target Support Files/Pods-Flix/Pods-Flix-frameworks.sh\"\n";
			showEnvVarsInLog = 0;
		};
		DDC6C7B6B2C5ECBE06FD86B6 /* [CP] Check Pods Manifest.lock */ = {
			isa = PBXShellScriptBuildPhase;
			buildActionMask = 2147483647;
			files = (
			);
			inputFileListPaths = (
			);
			inputPaths = (
				"${PODS_PODFILE_DIR_PATH}/Podfile.lock",
				"${PODS_ROOT}/Manifest.lock",
			);
			name = "[CP] Check Pods Manifest.lock";
			outputFileListPaths = (
			);
			outputPaths = (
				"$(DERIVED_FILE_DIR)/Pods-Flix-checkManifestLockResult.txt",
			);
			runOnlyForDeploymentPostprocessing = 0;
			shellPath = /bin/sh;
			shellScript = "diff \"${PODS_PODFILE_DIR_PATH}/Podfile.lock\" \"${PODS_ROOT}/Manifest.lock\" > /dev/null\nif [ $? != 0 ] ; then\n    # print error to STDERR\n    echo \"error: The sandbox is not in sync with the Podfile.lock. Run 'pod install' or update your CocoaPods installation.\" >&2\n    exit 1\nfi\n# This output is used by Xcode 'outputs' to avoid re-running this script phase.\necho \"SUCCESS\" > \"${SCRIPT_OUTPUT_FILE_0}\"\n";
			showEnvVarsInLog = 0;
		};
/* End PBXShellScriptBuildPhase section */

/* Begin PBXSourcesBuildPhase section */
		637ED4B325E148930042F1D0 /* Sources */ = {
			isa = PBXSourcesBuildPhase;
			buildActionMask = 2147483647;
			files = (
				63B21D6625EAC28300EE03E0 /* MovieDetailsViewController.swift in Sources */,
				637ED4BB25E148930042F1D0 /* AppDelegate.swift in Sources */,
				637ED4BD25E148930042F1D0 /* SceneDelegate.swift in Sources */,
				637ED4F325E18E650042F1D0 /* MovieCell.swift in Sources */,
				637ED4EE25E14A390042F1D0 /* MoviesViewController.swift in Sources */,
				63B21D6B25EADCF800EE03E0 /* MovieGridViewController.swift in Sources */,
				63B21D7025EAE84000EE03E0 /* MovieGridCell.swift in Sources */,
			);
			runOnlyForDeploymentPostprocessing = 0;
		};
		637ED4C925E148980042F1D0 /* Sources */ = {
			isa = PBXSourcesBuildPhase;
			buildActionMask = 2147483647;
			files = (
				637ED4D225E148980042F1D0 /* FlixTests.swift in Sources */,
			);
			runOnlyForDeploymentPostprocessing = 0;
		};
		637ED4D425E148990042F1D0 /* Sources */ = {
			isa = PBXSourcesBuildPhase;
			buildActionMask = 2147483647;
			files = (
				637ED4DD25E148990042F1D0 /* FlixUITests.swift in Sources */,
			);
			runOnlyForDeploymentPostprocessing = 0;
		};
/* End PBXSourcesBuildPhase section */

/* Begin PBXTargetDependency section */
		637ED4CF25E148980042F1D0 /* PBXTargetDependency */ = {
			isa = PBXTargetDependency;
			target = 637ED4B625E148930042F1D0 /* Flix */;
			targetProxy = 637ED4CE25E148980042F1D0 /* PBXContainerItemProxy */;
		};
		637ED4DA25E148990042F1D0 /* PBXTargetDependency */ = {
			isa = PBXTargetDependency;
			target = 637ED4B625E148930042F1D0 /* Flix */;
			targetProxy = 637ED4D925E148990042F1D0 /* PBXContainerItemProxy */;
		};
/* End PBXTargetDependency section */

/* Begin PBXVariantGroup section */
		637ED4C025E148930042F1D0 /* Main.storyboard */ = {
			isa = PBXVariantGroup;
			children = (
				637ED4C125E148930042F1D0 /* Base */,
			);
			name = Main.storyboard;
			sourceTree = "<group>";
		};
		637ED4C525E148980042F1D0 /* LaunchScreen.storyboard */ = {
			isa = PBXVariantGroup;
			children = (
				637ED4C625E148980042F1D0 /* Base */,
			);
			name = LaunchScreen.storyboard;
			sourceTree = "<group>";
		};
/* End PBXVariantGroup section */

/* Begin XCBuildConfiguration section */
		637ED4DF25E148990042F1D0 /* Debug */ = {
			isa = XCBuildConfiguration;
			buildSettings = {
				ALWAYS_SEARCH_USER_PATHS = NO;
				CLANG_ANALYZER_NONNULL = YES;
				CLANG_ANALYZER_NUMBER_OBJECT_CONVERSION = YES_AGGRESSIVE;
				CLANG_CXX_LANGUAGE_STANDARD = "gnu++14";
				CLANG_CXX_LIBRARY = "libc++";
				CLANG_ENABLE_MODULES = YES;
				CLANG_ENABLE_OBJC_ARC = YES;
				CLANG_ENABLE_OBJC_WEAK = YES;
				CLANG_WARN_BLOCK_CAPTURE_AUTORELEASING = YES;
				CLANG_WARN_BOOL_CONVERSION = YES;
				CLANG_WARN_COMMA = YES;
				CLANG_WARN_CONSTANT_CONVERSION = YES;
				CLANG_WARN_DEPRECATED_OBJC_IMPLEMENTATIONS = YES;
				CLANG_WARN_DIRECT_OBJC_ISA_USAGE = YES_ERROR;
				CLANG_WARN_DOCUMENTATION_COMMENTS = YES;
				CLANG_WARN_EMPTY_BODY = YES;
				CLANG_WARN_ENUM_CONVERSION = YES;
				CLANG_WARN_INFINITE_RECURSION = YES;
				CLANG_WARN_INT_CONVERSION = YES;
				CLANG_WARN_NON_LITERAL_NULL_CONVERSION = YES;
				CLANG_WARN_OBJC_IMPLICIT_RETAIN_SELF = YES;
				CLANG_WARN_OBJC_LITERAL_CONVERSION = YES;
				CLANG_WARN_OBJC_ROOT_CLASS = YES_ERROR;
				CLANG_WARN_QUOTED_INCLUDE_IN_FRAMEWORK_HEADER = YES;
				CLANG_WARN_RANGE_LOOP_ANALYSIS = YES;
				CLANG_WARN_STRICT_PROTOTYPES = YES;
				CLANG_WARN_SUSPICIOUS_MOVE = YES;
				CLANG_WARN_UNGUARDED_AVAILABILITY = YES_AGGRESSIVE;
				CLANG_WARN_UNREACHABLE_CODE = YES;
				CLANG_WARN__DUPLICATE_METHOD_MATCH = YES;
				COPY_PHASE_STRIP = NO;
				DEBUG_INFORMATION_FORMAT = dwarf;
				ENABLE_STRICT_OBJC_MSGSEND = YES;
				ENABLE_TESTABILITY = YES;
				GCC_C_LANGUAGE_STANDARD = gnu11;
				GCC_DYNAMIC_NO_PIC = NO;
				GCC_NO_COMMON_BLOCKS = YES;
				GCC_OPTIMIZATION_LEVEL = 0;
				GCC_PREPROCESSOR_DEFINITIONS = (
					"DEBUG=1",
					"$(inherited)",
				);
				GCC_WARN_64_TO_32_BIT_CONVERSION = YES;
				GCC_WARN_ABOUT_RETURN_TYPE = YES_ERROR;
				GCC_WARN_UNDECLARED_SELECTOR = YES;
				GCC_WARN_UNINITIALIZED_AUTOS = YES_AGGRESSIVE;
				GCC_WARN_UNUSED_FUNCTION = YES;
				GCC_WARN_UNUSED_VARIABLE = YES;
				IPHONEOS_DEPLOYMENT_TARGET = 14.4;
				MTL_ENABLE_DEBUG_INFO = INCLUDE_SOURCE;
				MTL_FAST_MATH = YES;
				ONLY_ACTIVE_ARCH = YES;
				SDKROOT = iphoneos;
				SWIFT_ACTIVE_COMPILATION_CONDITIONS = DEBUG;
				SWIFT_OPTIMIZATION_LEVEL = "-Onone";
			};
			name = Debug;
		};
		637ED4E025E148990042F1D0 /* Release */ = {
			isa = XCBuildConfiguration;
			buildSettings = {
				ALWAYS_SEARCH_USER_PATHS = NO;
				CLANG_ANALYZER_NONNULL = YES;
				CLANG_ANALYZER_NUMBER_OBJECT_CONVERSION = YES_AGGRESSIVE;
				CLANG_CXX_LANGUAGE_STANDARD = "gnu++14";
				CLANG_CXX_LIBRARY = "libc++";
				CLANG_ENABLE_MODULES = YES;
				CLANG_ENABLE_OBJC_ARC = YES;
				CLANG_ENABLE_OBJC_WEAK = YES;
				CLANG_WARN_BLOCK_CAPTURE_AUTORELEASING = YES;
				CLANG_WARN_BOOL_CONVERSION = YES;
				CLANG_WARN_COMMA = YES;
				CLANG_WARN_CONSTANT_CONVERSION = YES;
				CLANG_WARN_DEPRECATED_OBJC_IMPLEMENTATIONS = YES;
				CLANG_WARN_DIRECT_OBJC_ISA_USAGE = YES_ERROR;
				CLANG_WARN_DOCUMENTATION_COMMENTS = YES;
				CLANG_WARN_EMPTY_BODY = YES;
				CLANG_WARN_ENUM_CONVERSION = YES;
				CLANG_WARN_INFINITE_RECURSION = YES;
				CLANG_WARN_INT_CONVERSION = YES;
				CLANG_WARN_NON_LITERAL_NULL_CONVERSION = YES;
				CLANG_WARN_OBJC_IMPLICIT_RETAIN_SELF = YES;
				CLANG_WARN_OBJC_LITERAL_CONVERSION = YES;
				CLANG_WARN_OBJC_ROOT_CLASS = YES_ERROR;
				CLANG_WARN_QUOTED_INCLUDE_IN_FRAMEWORK_HEADER = YES;
				CLANG_WARN_RANGE_LOOP_ANALYSIS = YES;
				CLANG_WARN_STRICT_PROTOTYPES = YES;
				CLANG_WARN_SUSPICIOUS_MOVE = YES;
				CLANG_WARN_UNGUARDED_AVAILABILITY = YES_AGGRESSIVE;
				CLANG_WARN_UNREACHABLE_CODE = YES;
				CLANG_WARN__DUPLICATE_METHOD_MATCH = YES;
				COPY_PHASE_STRIP = NO;
				DEBUG_INFORMATION_FORMAT = "dwarf-with-dsym";
				ENABLE_NS_ASSERTIONS = NO;
				ENABLE_STRICT_OBJC_MSGSEND = YES;
				GCC_C_LANGUAGE_STANDARD = gnu11;
				GCC_NO_COMMON_BLOCKS = YES;
				GCC_WARN_64_TO_32_BIT_CONVERSION = YES;
				GCC_WARN_ABOUT_RETURN_TYPE = YES_ERROR;
				GCC_WARN_UNDECLARED_SELECTOR = YES;
				GCC_WARN_UNINITIALIZED_AUTOS = YES_AGGRESSIVE;
				GCC_WARN_UNUSED_FUNCTION = YES;
				GCC_WARN_UNUSED_VARIABLE = YES;
				IPHONEOS_DEPLOYMENT_TARGET = 14.4;
				MTL_ENABLE_DEBUG_INFO = NO;
				MTL_FAST_MATH = YES;
				SDKROOT = iphoneos;
				SWIFT_COMPILATION_MODE = wholemodule;
				SWIFT_OPTIMIZATION_LEVEL = "-O";
				VALIDATE_PRODUCT = YES;
			};
			name = Release;
		};
		637ED4E225E148990042F1D0 /* Debug */ = {
			isa = XCBuildConfiguration;
			baseConfigurationReference = D296E855F3A3AAB64C1B262F /* Pods-Flix.debug.xcconfig */;
			buildSettings = {
				ASSETCATALOG_COMPILER_APPICON_NAME = AppIcon;
				ASSETCATALOG_COMPILER_GLOBAL_ACCENT_COLOR_NAME = AccentColor;
				CODE_SIGN_STYLE = Automatic;
				INFOPLIST_FILE = Flix/Info.plist;
				LD_RUNPATH_SEARCH_PATHS = (
					"$(inherited)",
					"@executable_path/Frameworks",
				);
				PRODUCT_BUNDLE_IDENTIFIER = Akanksha.Flix;
				PRODUCT_NAME = "$(TARGET_NAME)";
				SWIFT_VERSION = 5.0;
				TARGETED_DEVICE_FAMILY = "1,2";
			};
			name = Debug;
		};
		637ED4E325E148990042F1D0 /* Release */ = {
			isa = XCBuildConfiguration;
			baseConfigurationReference = AB36974090D7957D935DD5E5 /* Pods-Flix.release.xcconfig */;
			buildSettings = {
				ASSETCATALOG_COMPILER_APPICON_NAME = AppIcon;
				ASSETCATALOG_COMPILER_GLOBAL_ACCENT_COLOR_NAME = AccentColor;
				CODE_SIGN_STYLE = Automatic;
				INFOPLIST_FILE = Flix/Info.plist;
				LD_RUNPATH_SEARCH_PATHS = (
					"$(inherited)",
					"@executable_path/Frameworks",
				);
				PRODUCT_BUNDLE_IDENTIFIER = Akanksha.Flix;
				PRODUCT_NAME = "$(TARGET_NAME)";
				SWIFT_VERSION = 5.0;
				TARGETED_DEVICE_FAMILY = "1,2";
			};
			name = Release;
		};
		637ED4E525E148990042F1D0 /* Debug */ = {
			isa = XCBuildConfiguration;
			baseConfigurationReference = 3468E736E32E545AC740D7D1 /* Pods-FlixTests.debug.xcconfig */;
			buildSettings = {
				ALWAYS_EMBED_SWIFT_STANDARD_LIBRARIES = YES;
				BUNDLE_LOADER = "$(TEST_HOST)";
				CODE_SIGN_STYLE = Automatic;
				INFOPLIST_FILE = FlixTests/Info.plist;
				IPHONEOS_DEPLOYMENT_TARGET = 14.4;
				LD_RUNPATH_SEARCH_PATHS = (
					"$(inherited)",
					"@executable_path/Frameworks",
					"@loader_path/Frameworks",
				);
				PRODUCT_BUNDLE_IDENTIFIER = Akanksha.FlixTests;
				PRODUCT_NAME = "$(TARGET_NAME)";
				SWIFT_VERSION = 5.0;
				TARGETED_DEVICE_FAMILY = "1,2";
				TEST_HOST = "$(BUILT_PRODUCTS_DIR)/Flix.app/Flix";
			};
			name = Debug;
		};
		637ED4E625E148990042F1D0 /* Release */ = {
			isa = XCBuildConfiguration;
			baseConfigurationReference = 351F5FB67632B578593767D4 /* Pods-FlixTests.release.xcconfig */;
			buildSettings = {
				ALWAYS_EMBED_SWIFT_STANDARD_LIBRARIES = YES;
				BUNDLE_LOADER = "$(TEST_HOST)";
				CODE_SIGN_STYLE = Automatic;
				INFOPLIST_FILE = FlixTests/Info.plist;
				IPHONEOS_DEPLOYMENT_TARGET = 14.4;
				LD_RUNPATH_SEARCH_PATHS = (
					"$(inherited)",
					"@executable_path/Frameworks",
					"@loader_path/Frameworks",
				);
				PRODUCT_BUNDLE_IDENTIFIER = Akanksha.FlixTests;
				PRODUCT_NAME = "$(TARGET_NAME)";
				SWIFT_VERSION = 5.0;
				TARGETED_DEVICE_FAMILY = "1,2";
				TEST_HOST = "$(BUILT_PRODUCTS_DIR)/Flix.app/Flix";
			};
			name = Release;
		};
		637ED4E825E148990042F1D0 /* Debug */ = {
			isa = XCBuildConfiguration;
			baseConfigurationReference = F49E3716AE2593476FEB0709 /* Pods-Flix-FlixUITests.debug.xcconfig */;
			buildSettings = {
				ALWAYS_EMBED_SWIFT_STANDARD_LIBRARIES = YES;
				CODE_SIGN_STYLE = Automatic;
				INFOPLIST_FILE = FlixUITests/Info.plist;
				LD_RUNPATH_SEARCH_PATHS = (
					"$(inherited)",
					"@executable_path/Frameworks",
					"@loader_path/Frameworks",
				);
				PRODUCT_BUNDLE_IDENTIFIER = Akanksha.FlixUITests;
				PRODUCT_NAME = "$(TARGET_NAME)";
				SWIFT_VERSION = 5.0;
				TARGETED_DEVICE_FAMILY = "1,2";
				TEST_TARGET_NAME = Flix;
			};
			name = Debug;
		};
		637ED4E925E148990042F1D0 /* Release */ = {
			isa = XCBuildConfiguration;
			baseConfigurationReference = 501BDBA91217D629B5F174AA /* Pods-Flix-FlixUITests.release.xcconfig */;
			buildSettings = {
				ALWAYS_EMBED_SWIFT_STANDARD_LIBRARIES = YES;
				CODE_SIGN_STYLE = Automatic;
				INFOPLIST_FILE = FlixUITests/Info.plist;
				LD_RUNPATH_SEARCH_PATHS = (
					"$(inherited)",
					"@executable_path/Frameworks",
					"@loader_path/Frameworks",
				);
				PRODUCT_BUNDLE_IDENTIFIER = Akanksha.FlixUITests;
				PRODUCT_NAME = "$(TARGET_NAME)";
				SWIFT_VERSION = 5.0;
				TARGETED_DEVICE_FAMILY = "1,2";
				TEST_TARGET_NAME = Flix;
			};
			name = Release;
		};
/* End XCBuildConfiguration section */

/* Begin XCConfigurationList section */
		637ED4B225E148930042F1D0 /* Build configuration list for PBXProject "Flix" */ = {
			isa = XCConfigurationList;
			buildConfigurations = (
				637ED4DF25E148990042F1D0 /* Debug */,
				637ED4E025E148990042F1D0 /* Release */,
			);
			defaultConfigurationIsVisible = 0;
			defaultConfigurationName = Release;
		};
		637ED4E125E148990042F1D0 /* Build configuration list for PBXNativeTarget "Flix" */ = {
			isa = XCConfigurationList;
			buildConfigurations = (
				637ED4E225E148990042F1D0 /* Debug */,
				637ED4E325E148990042F1D0 /* Release */,
			);
			defaultConfigurationIsVisible = 0;
			defaultConfigurationName = Release;
		};
		637ED4E425E148990042F1D0 /* Build configuration list for PBXNativeTarget "FlixTests" */ = {
			isa = XCConfigurationList;
			buildConfigurations = (
				637ED4E525E148990042F1D0 /* Debug */,
				637ED4E625E148990042F1D0 /* Release */,
			);
			defaultConfigurationIsVisible = 0;
			defaultConfigurationName = Release;
		};
		637ED4E725E148990042F1D0 /* Build configuration list for PBXNativeTarget "FlixUITests" */ = {
			isa = XCConfigurationList;
			buildConfigurations = (
				637ED4E825E148990042F1D0 /* Debug */,
				637ED4E925E148990042F1D0 /* Release */,
			);
			defaultConfigurationIsVisible = 0;
			defaultConfigurationName = Release;
		};
/* End XCConfigurationList section */
	};
	rootObject = 637ED4AF25E148930042F1D0 /* Project object */;
}
